// !$*UTF8*$!
{
	archiveVersion = 1;
	classes = {
	};
	objectVersion = 46;
	objects = {

/* Begin PBXBuildFile section */
		2940770F1C8368CF0067320B /* vm.c in Sources */ = {isa = PBXBuildFile; fileRef = 2940770D1C8368CF0067320B /* vm.c */; };
		294077121C8369BC0067320B /* compiler.c in Sources */ = {isa = PBXBuildFile; fileRef = 294077101C8369BC0067320B /* compiler.c */; };
		296041FF1C5DCCD0007310F9 /* scanner.c in Sources */ = {isa = PBXBuildFile; fileRef = 296041FE1C5DCCD0007310F9 /* scanner.c */; };
		29815E3F1C5DCC3A004A67D8 /* main.c in Sources */ = {isa = PBXBuildFile; fileRef = 29815E3E1C5DCC3A004A67D8 /* main.c */; };
		2984DBA21C83FD540075BAC3 /* object.c in Sources */ = {isa = PBXBuildFile; fileRef = 2984DBA01C83FD540075BAC3 /* object.c */; };
		29C6CA711C85EBE6009617A9 /* debug.c in Sources */ = {isa = PBXBuildFile; fileRef = 29C6CA6F1C85EBE6009617A9 /* debug.c */; };
/* End PBXBuildFile section */

/* Begin PBXCopyFilesBuildPhase section */
		29815E321C5DCBF7004A67D8 /* CopyFiles */ = {
			isa = PBXCopyFilesBuildPhase;
			buildActionMask = 2147483647;
			dstPath = /usr/share/man/man1/;
			dstSubfolderSpec = 0;
			files = (
			);
			runOnlyForDeploymentPostprocessing = 1;
		};
/* End PBXCopyFilesBuildPhase section */

/* Begin PBXFileReference section */
		2940770D1C8368CF0067320B /* vm.c */ = {isa = PBXFileReference; fileEncoding = 4; lastKnownFileType = sourcecode.c.c; path = vm.c; sourceTree = "<group>"; };
		2940770E1C8368CF0067320B /* vm.h */ = {isa = PBXFileReference; fileEncoding = 4; lastKnownFileType = sourcecode.c.h; path = vm.h; sourceTree = "<group>"; };
		294077101C8369BC0067320B /* compiler.c */ = {isa = PBXFileReference; fileEncoding = 4; lastKnownFileType = sourcecode.c.c; path = compiler.c; sourceTree = "<group>"; };
		294077111C8369BC0067320B /* compiler.h */ = {isa = PBXFileReference; fileEncoding = 4; lastKnownFileType = sourcecode.c.h; path = compiler.h; sourceTree = "<group>"; };
		296041FE1C5DCCD0007310F9 /* scanner.c */ = {isa = PBXFileReference; fileEncoding = 4; lastKnownFileType = sourcecode.c.c; path = scanner.c; sourceTree = "<group>"; };
		29815E341C5DCBF7004A67D8 /* cvox */ = {isa = PBXFileReference; explicitFileType = "compiled.mach-o.executable"; includeInIndex = 0; path = cvox; sourceTree = BUILT_PRODUCTS_DIR; };
		29815E3E1C5DCC3A004A67D8 /* main.c */ = {isa = PBXFileReference; fileEncoding = 4; lastKnownFileType = sourcecode.c.c; path = main.c; sourceTree = "<group>"; };
		29815E401C5DCCAC004A67D8 /* scanner.h */ = {isa = PBXFileReference; lastKnownFileType = sourcecode.c.h; path = scanner.h; sourceTree = "<group>"; };
		2984DBA01C83FD540075BAC3 /* object.c */ = {isa = PBXFileReference; fileEncoding = 4; lastKnownFileType = sourcecode.c.c; path = object.c; sourceTree = "<group>"; };
		2984DBA11C83FD540075BAC3 /* object.h */ = {isa = PBXFileReference; fileEncoding = 4; lastKnownFileType = sourcecode.c.h; path = object.h; sourceTree = "<group>"; };
		29C6CA6F1C85EBE6009617A9 /* debug.c */ = {isa = PBXFileReference; fileEncoding = 4; lastKnownFileType = sourcecode.c.c; path = debug.c; sourceTree = "<group>"; };
		29C6CA701C85EBE6009617A9 /* debug.h */ = {isa = PBXFileReference; fileEncoding = 4; lastKnownFileType = sourcecode.c.h; path = debug.h; sourceTree = "<group>"; };
/* End PBXFileReference section */

/* Begin PBXFrameworksBuildPhase section */
		29815E311C5DCBF7004A67D8 /* Frameworks */ = {
			isa = PBXFrameworksBuildPhase;
			buildActionMask = 2147483647;
			files = (
			);
			runOnlyForDeploymentPostprocessing = 0;
		};
/* End PBXFrameworksBuildPhase section */

/* Begin PBXGroup section */
		29815E2B1C5DCBF7004A67D8 = {
			isa = PBXGroup;
			children = (
				294077111C8369BC0067320B /* compiler.h */,
				294077101C8369BC0067320B /* compiler.c */,
				29C6CA701C85EBE6009617A9 /* debug.h */,
				29C6CA6F1C85EBE6009617A9 /* debug.c */,
				29815E3E1C5DCC3A004A67D8 /* main.c */,
				29815E401C5DCCAC004A67D8 /* scanner.h */,
				296041FE1C5DCCD0007310F9 /* scanner.c */,
				2984DBA11C83FD540075BAC3 /* object.h */,
				2984DBA01C83FD540075BAC3 /* object.c */,
				2940770E1C8368CF0067320B /* vm.h */,
				2940770D1C8368CF0067320B /* vm.c */,
				29815E351C5DCBF7004A67D8 /* Products */,
			);
			sourceTree = "<group>";
		};
		29815E351C5DCBF7004A67D8 /* Products */ = {
			isa = PBXGroup;
			children = (
				29815E341C5DCBF7004A67D8 /* cvox */,
			);
			name = Products;
			sourceTree = "<group>";
		};
/* End PBXGroup section */

/* Begin PBXNativeTarget section */
		29815E331C5DCBF7004A67D8 /* cvox */ = {
			isa = PBXNativeTarget;
			buildConfigurationList = 29815E3B1C5DCBF7004A67D8 /* Build configuration list for PBXNativeTarget "cvox" */;
			buildPhases = (
				29815E301C5DCBF7004A67D8 /* Sources */,
				29815E311C5DCBF7004A67D8 /* Frameworks */,
				29815E321C5DCBF7004A67D8 /* CopyFiles */,
			);
			buildRules = (
			);
			dependencies = (
			);
			name = cvox;
			productName = cvox;
			productReference = 29815E341C5DCBF7004A67D8 /* cvox */;
			productType = "com.apple.product-type.tool";
		};
/* End PBXNativeTarget section */

/* Begin PBXProject section */
		29815E2C1C5DCBF7004A67D8 /* Project object */ = {
			isa = PBXProject;
			attributes = {
				LastUpgradeCheck = 0640;
				ORGANIZATIONNAME = "Robert Nystrom";
				TargetAttributes = {
					29815E331C5DCBF7004A67D8 = {
						CreatedOnToolsVersion = 6.4;
					};
				};
			};
			buildConfigurationList = 29815E2F1C5DCBF7004A67D8 /* Build configuration list for PBXProject "cvox" */;
			compatibilityVersion = "Xcode 3.2";
			developmentRegion = English;
			hasScannedForEncodings = 0;
			knownRegions = (
				en,
			);
			mainGroup = 29815E2B1C5DCBF7004A67D8;
			productRefGroup = 29815E351C5DCBF7004A67D8 /* Products */;
			projectDirPath = "";
			projectRoot = "";
			targets = (
				29815E331C5DCBF7004A67D8 /* cvox */,
			);
		};
/* End PBXProject section */

/* Begin PBXSourcesBuildPhase section */
		29815E301C5DCBF7004A67D8 /* Sources */ = {
			isa = PBXSourcesBuildPhase;
			buildActionMask = 2147483647;
			files = (
				2984DBA21C83FD540075BAC3 /* object.c in Sources */,
				296041FF1C5DCCD0007310F9 /* scanner.c in Sources */,
				2940770F1C8368CF0067320B /* vm.c in Sources */,
				29C6CA711C85EBE6009617A9 /* debug.c in Sources */,
				294077121C8369BC0067320B /* compiler.c in Sources */,
				29815E3F1C5DCC3A004A67D8 /* main.c in Sources */,
			);
			runOnlyForDeploymentPostprocessing = 0;
		};
/* End PBXSourcesBuildPhase section */

/* Begin XCBuildConfiguration section */
		29815E391C5DCBF7004A67D8 /* Debug */ = {
			isa = XCBuildConfiguration;
			buildSettings = {
				ALWAYS_SEARCH_USER_PATHS = NO;
				CLANG_CXX_LANGUAGE_STANDARD = "gnu++0x";
				CLANG_CXX_LIBRARY = "libc++";
				CLANG_ENABLE_MODULES = YES;
				CLANG_ENABLE_OBJC_ARC = YES;
				CLANG_WARN_BOOL_CONVERSION = YES;
				CLANG_WARN_CONSTANT_CONVERSION = YES;
				CLANG_WARN_DIRECT_OBJC_ISA_USAGE = YES_ERROR;
				CLANG_WARN_EMPTY_BODY = YES;
				CLANG_WARN_ENUM_CONVERSION = YES;
				CLANG_WARN_INT_CONVERSION = YES;
				CLANG_WARN_OBJC_ROOT_CLASS = YES_ERROR;
				CLANG_WARN_UNREACHABLE_CODE = YES;
				CLANG_WARN__DUPLICATE_METHOD_MATCH = YES;
				COPY_PHASE_STRIP = NO;
				DEBUG_INFORMATION_FORMAT = dwarf;
				ENABLE_STRICT_OBJC_MSGSEND = YES;
				GCC_C_LANGUAGE_STANDARD = gnu99;
				GCC_DYNAMIC_NO_PIC = NO;
				GCC_NO_COMMON_BLOCKS = YES;
				GCC_OPTIMIZATION_LEVEL = 0;
				GCC_PREPROCESSOR_DEFINITIONS = (
					"DEBUG=1",
					"$(inherited)",
				);
				GCC_SYMBOLS_PRIVATE_EXTERN = NO;
				GCC_WARN_64_TO_32_BIT_CONVERSION = YES;
				GCC_WARN_ABOUT_RETURN_TYPE = YES_ERROR;
				GCC_WARN_UNDECLARED_SELECTOR = YES;
				GCC_WARN_UNINITIALIZED_AUTOS = YES_AGGRESSIVE;
				GCC_WARN_UNUSED_FUNCTION = YES;
				GCC_WARN_UNUSED_VARIABLE = YES;
				MACOSX_DEPLOYMENT_TARGET = 10.11;
				MTL_ENABLE_DEBUG_INFO = YES;
				ONLY_ACTIVE_ARCH = YES;
				SDKROOT = macosx;
			};
			name = Debug;
		};
		29815E3A1C5DCBF7004A67D8 /* Release */ = {
			isa = XCBuildConfiguration;
			buildSettings = {
				ALWAYS_SEARCH_USER_PATHS = NO;
				CLANG_CXX_LANGUAGE_STANDARD = "gnu++0x";
				CLANG_CXX_LIBRARY = "libc++";
				CLANG_ENABLE_MODULES = YES;
				CLANG_ENABLE_OBJC_ARC = YES;
				CLANG_WARN_BOOL_CONVERSION = YES;
				CLANG_WARN_CONSTANT_CONVERSION = YES;
				CLANG_WARN_DIRECT_OBJC_ISA_USAGE = YES_ERROR;
				CLANG_WARN_EMPTY_BODY = YES;
				CLANG_WARN_ENUM_CONVERSION = YES;
				CLANG_WARN_INT_CONVERSION = YES;
				CLANG_WARN_OBJC_ROOT_CLASS = YES_ERROR;
				CLANG_WARN_UNREACHABLE_CODE = YES;
				CLANG_WARN__DUPLICATE_METHOD_MATCH = YES;
				COPY_PHASE_STRIP = NO;
				DEBUG_INFORMATION_FORMAT = "dwarf-with-dsym";
				ENABLE_NS_ASSERTIONS = NO;
				ENABLE_STRICT_OBJC_MSGSEND = YES;
				GCC_C_LANGUAGE_STANDARD = gnu99;
				GCC_NO_COMMON_BLOCKS = YES;
				GCC_WARN_64_TO_32_BIT_CONVERSION = YES;
				GCC_WARN_ABOUT_RETURN_TYPE = YES_ERROR;
				GCC_WARN_UNDECLARED_SELECTOR = YES;
				GCC_WARN_UNINITIALIZED_AUTOS = YES_AGGRESSIVE;
				GCC_WARN_UNUSED_FUNCTION = YES;
				GCC_WARN_UNUSED_VARIABLE = YES;
				MACOSX_DEPLOYMENT_TARGET = 10.11;
				MTL_ENABLE_DEBUG_INFO = NO;
				SDKROOT = macosx;
			};
			name = Release;
		};
		29815E3C1C5DCBF7004A67D8 /* Debug */ = {
			isa = XCBuildConfiguration;
			buildSettings = {
				GCC_C_LANGUAGE_STANDARD = c99;
				GCC_TREAT_WARNINGS_AS_ERRORS = YES;
				GCC_WARN_PEDANTIC = YES;
				MACOSX_DEPLOYMENT_TARGET = "";
				PRODUCT_NAME = "$(TARGET_NAME)";
			};
			name = Debug;
		};
		29815E3D1C5DCBF7004A67D8 /* Release */ = {
			isa = XCBuildConfiguration;
			buildSettings = {
				GCC_C_LANGUAGE_STANDARD = c99;
				GCC_TREAT_WARNINGS_AS_ERRORS = YES;
				GCC_WARN_PEDANTIC = YES;
				MACOSX_DEPLOYMENT_TARGET = "";
				PRODUCT_NAME = "$(TARGET_NAME)";
			};
			name = Release;
		};
/* End XCBuildConfiguration section */

/* Begin XCConfigurationList section */
		29815E2F1C5DCBF7004A67D8 /* Build configuration list for PBXProject "cvox" */ = {
			isa = XCConfigurationList;
			buildConfigurations = (
				29815E391C5DCBF7004A67D8 /* Debug */,
				29815E3A1C5DCBF7004A67D8 /* Release */,
			);
			defaultConfigurationIsVisible = 0;
			defaultConfigurationName = Release;
		};
		29815E3B1C5DCBF7004A67D8 /* Build configuration list for PBXNativeTarget "cvox" */ = {
			isa = XCConfigurationList;
			buildConfigurations = (
				29815E3C1C5DCBF7004A67D8 /* Debug */,
				29815E3D1C5DCBF7004A67D8 /* Release */,
			);
			defaultConfigurationIsVisible = 0;
			defaultConfigurationName = Release;
		};
/* End XCConfigurationList section */
	};
	rootObject = 29815E2C1C5DCBF7004A67D8 /* Project object */;
}
