// !$*UTF8*$!
{
	archiveVersion = 1;
	classes = {
	};
	objectVersion = 46;
	objects = {

/* Begin PBXBuildFile section */
		2905EA1B1CAC1C3900E258E5 /* memory.c in Sources */ = {isa = PBXBuildFile; fileRef = 2905EA191CAC1C3900E258E5 /* memory.c */; };
		293173A51D03628E0028CBCC /* chunk.c in Sources */ = {isa = PBXBuildFile; fileRef = 293173A31D03628E0028CBCC /* chunk.c */; };
		293173A81D0378530028CBCC /* value.c in Sources */ = {isa = PBXBuildFile; fileRef = 293173A61D0378530028CBCC /* value.c */; };
		2940770F1C8368CF0067320B /* vm.c in Sources */ = {isa = PBXBuildFile; fileRef = 2940770D1C8368CF0067320B /* vm.c */; };
		294077121C8369BC0067320B /* compiler.c in Sources */ = {isa = PBXBuildFile; fileRef = 294077101C8369BC0067320B /* compiler.c */; };
		296041FF1C5DCCD0007310F9 /* scanner.c in Sources */ = {isa = PBXBuildFile; fileRef = 296041FE1C5DCCD0007310F9 /* scanner.c */; };
		296D550E1D4A4B0F006B5780 /* chunk.c in Sources */ = {isa = PBXBuildFile; fileRef = 296D55021D4A4B0F006B5780 /* chunk.c */; };
		296D550F1D4A4B0F006B5780 /* debug.c in Sources */ = {isa = PBXBuildFile; fileRef = 296D55041D4A4B0F006B5780 /* debug.c */; };
		296D55101D4A4B0F006B5780 /* main.c in Sources */ = {isa = PBXBuildFile; fileRef = 296D55051D4A4B0F006B5780 /* main.c */; };
		296D55111D4A4B0F006B5780 /* value.c in Sources */ = {isa = PBXBuildFile; fileRef = 296D55061D4A4B0F006B5780 /* value.c */; };
		296D55121D4A4B0F006B5780 /* memory.c in Sources */ = {isa = PBXBuildFile; fileRef = 296D55081D4A4B0F006B5780 /* memory.c */; };
		296D55131D4A4B0F006B5780 /* vm.c in Sources */ = {isa = PBXBuildFile; fileRef = 296D550C1D4A4B0F006B5780 /* vm.c */; };
		297EA25E1D48F96D0078AAC1 /* chunk.c in Sources */ = {isa = PBXBuildFile; fileRef = 297EA25C1D48F96D0078AAC1 /* chunk.c */; };
		297EA2641D48FEC80078AAC1 /* memory.c in Sources */ = {isa = PBXBuildFile; fileRef = 297EA2611D48FEC80078AAC1 /* memory.c */; };
		297EA2651D48FEC80078AAC1 /* value.c in Sources */ = {isa = PBXBuildFile; fileRef = 297EA2631D48FEC80078AAC1 /* value.c */; };
		297EA2671D48FF3C0078AAC1 /* main.c in Sources */ = {isa = PBXBuildFile; fileRef = 297EA2661D48FF3C0078AAC1 /* main.c */; };
		297EA26A1D49002B0078AAC1 /* debug.c in Sources */ = {isa = PBXBuildFile; fileRef = 297EA2681D49002B0078AAC1 /* debug.c */; };
		29815E3F1C5DCC3A004A67D8 /* main.c in Sources */ = {isa = PBXBuildFile; fileRef = 29815E3E1C5DCC3A004A67D8 /* main.c */; };
		2984DBA21C83FD540075BAC3 /* object.c in Sources */ = {isa = PBXBuildFile; fileRef = 2984DBA01C83FD540075BAC3 /* object.c */; };
		2987273B1D4B9765008C4870 /* chunk.c in Sources */ = {isa = PBXBuildFile; fileRef = 2987272D1D4B9765008C4870 /* chunk.c */; };
		2987273C1D4B9765008C4870 /* debug.c in Sources */ = {isa = PBXBuildFile; fileRef = 298727301D4B9765008C4870 /* debug.c */; };
		2987273D1D4B9765008C4870 /* main.c in Sources */ = {isa = PBXBuildFile; fileRef = 298727321D4B9765008C4870 /* main.c */; };
		2987273E1D4B9765008C4870 /* memory.c in Sources */ = {isa = PBXBuildFile; fileRef = 298727331D4B9765008C4870 /* memory.c */; };
		2987273F1D4B9765008C4870 /* scanner.c in Sources */ = {isa = PBXBuildFile; fileRef = 298727351D4B9765008C4870 /* scanner.c */; };
		298727401D4B9765008C4870 /* value.c in Sources */ = {isa = PBXBuildFile; fileRef = 298727371D4B9765008C4870 /* value.c */; };
		298727411D4B9765008C4870 /* vm.c in Sources */ = {isa = PBXBuildFile; fileRef = 298727391D4B9765008C4870 /* vm.c */; };
		298727441D4B9B10008C4870 /* compiler.c in Sources */ = {isa = PBXBuildFile; fileRef = 298727421D4B9B10008C4870 /* compiler.c */; };
		29C6CA711C85EBE6009617A9 /* debug.c in Sources */ = {isa = PBXBuildFile; fileRef = 29C6CA6F1C85EBE6009617A9 /* debug.c */; };
		29CD6FB01CB6A3430005D92B /* table.c in Sources */ = {isa = PBXBuildFile; fileRef = 29CD6FAE1CB6A3430005D92B /* table.c */; };
/* End PBXBuildFile section */

/* Begin PBXCopyFilesBuildPhase section */
		2953F1191D471AE1000D72E8 /* CopyFiles */ = {
			isa = PBXCopyFilesBuildPhase;
			buildActionMask = 2147483647;
			dstPath = /usr/share/man/man1/;
			dstSubfolderSpec = 0;
			files = (
			);
			runOnlyForDeploymentPostprocessing = 1;
		};
		297EA2531D48F9220078AAC1 /* CopyFiles */ = {
			isa = PBXCopyFilesBuildPhase;
			buildActionMask = 2147483647;
			dstPath = /usr/share/man/man1/;
			dstSubfolderSpec = 0;
			files = (
			);
			runOnlyForDeploymentPostprocessing = 1;
		};
		29815E321C5DCBF7004A67D8 /* CopyFiles */ = {
			isa = PBXCopyFilesBuildPhase;
			buildActionMask = 2147483647;
			dstPath = /usr/share/man/man1/;
			dstSubfolderSpec = 0;
			files = (
			);
			runOnlyForDeploymentPostprocessing = 1;
		};
		29BF88401D4497FD00ACBB18 /* CopyFiles */ = {
			isa = PBXCopyFilesBuildPhase;
			buildActionMask = 2147483647;
			dstPath = /usr/share/man/man1/;
			dstSubfolderSpec = 0;
			files = (
			);
			runOnlyForDeploymentPostprocessing = 1;
		};
/* End PBXCopyFilesBuildPhase section */

/* Begin PBXFileReference section */
		2905EA191CAC1C3900E258E5 /* memory.c */ = {isa = PBXFileReference; fileEncoding = 4; lastKnownFileType = sourcecode.c.c; path = memory.c; sourceTree = "<group>"; };
		2905EA1A1CAC1C3900E258E5 /* memory.h */ = {isa = PBXFileReference; fileEncoding = 4; lastKnownFileType = sourcecode.c.h; path = memory.h; sourceTree = "<group>"; };
		2905EA1C1CAC1DFB00E258E5 /* common.h */ = {isa = PBXFileReference; lastKnownFileType = sourcecode.c.h; path = common.h; sourceTree = "<group>"; };
		293173A31D03628E0028CBCC /* chunk.c */ = {isa = PBXFileReference; fileEncoding = 4; lastKnownFileType = sourcecode.c.c; path = chunk.c; sourceTree = "<group>"; };
		293173A41D03628E0028CBCC /* chunk.h */ = {isa = PBXFileReference; fileEncoding = 4; lastKnownFileType = sourcecode.c.h; path = chunk.h; sourceTree = "<group>"; };
		293173A61D0378530028CBCC /* value.c */ = {isa = PBXFileReference; fileEncoding = 4; lastKnownFileType = sourcecode.c.c; path = value.c; sourceTree = "<group>"; };
		293173A71D0378530028CBCC /* value.h */ = {isa = PBXFileReference; fileEncoding = 4; lastKnownFileType = sourcecode.c.h; path = value.h; sourceTree = "<group>"; };
		2940770D1C8368CF0067320B /* vm.c */ = {isa = PBXFileReference; fileEncoding = 4; lastKnownFileType = sourcecode.c.c; path = vm.c; sourceTree = "<group>"; };
		2940770E1C8368CF0067320B /* vm.h */ = {isa = PBXFileReference; fileEncoding = 4; lastKnownFileType = sourcecode.c.h; path = vm.h; sourceTree = "<group>"; };
		294077101C8369BC0067320B /* compiler.c */ = {isa = PBXFileReference; fileEncoding = 4; lastKnownFileType = sourcecode.c.c; path = compiler.c; sourceTree = "<group>"; };
		294077111C8369BC0067320B /* compiler.h */ = {isa = PBXFileReference; fileEncoding = 4; lastKnownFileType = sourcecode.c.h; path = compiler.h; sourceTree = "<group>"; };
		2953F11B1D471AE1000D72E8 /* chap18_scanning */ = {isa = PBXFileReference; explicitFileType = "compiled.mach-o.executable"; includeInIndex = 0; path = chap18_scanning; sourceTree = BUILT_PRODUCTS_DIR; };
		296041FE1C5DCCD0007310F9 /* scanner.c */ = {isa = PBXFileReference; fileEncoding = 4; lastKnownFileType = sourcecode.c.c; path = scanner.c; sourceTree = "<group>"; };
		296D55021D4A4B0F006B5780 /* chunk.c */ = {isa = PBXFileReference; fileEncoding = 4; lastKnownFileType = sourcecode.c.c; name = chunk.c; path = ../gen/chap17_virtual/chunk.c; sourceTree = "<group>"; };
		296D55031D4A4B0F006B5780 /* debug.h */ = {isa = PBXFileReference; fileEncoding = 4; lastKnownFileType = sourcecode.c.h; name = debug.h; path = ../gen/chap17_virtual/debug.h; sourceTree = "<group>"; };
		296D55041D4A4B0F006B5780 /* debug.c */ = {isa = PBXFileReference; fileEncoding = 4; lastKnownFileType = sourcecode.c.c; name = debug.c; path = ../gen/chap17_virtual/debug.c; sourceTree = "<group>"; };
		296D55051D4A4B0F006B5780 /* main.c */ = {isa = PBXFileReference; fileEncoding = 4; lastKnownFileType = sourcecode.c.c; name = main.c; path = ../gen/chap17_virtual/main.c; sourceTree = "<group>"; };
		296D55061D4A4B0F006B5780 /* value.c */ = {isa = PBXFileReference; fileEncoding = 4; lastKnownFileType = sourcecode.c.c; name = value.c; path = ../gen/chap17_virtual/value.c; sourceTree = "<group>"; };
		296D55071D4A4B0F006B5780 /* common.h */ = {isa = PBXFileReference; fileEncoding = 4; lastKnownFileType = sourcecode.c.h; name = common.h; path = ../gen/chap17_virtual/common.h; sourceTree = "<group>"; };
		296D55081D4A4B0F006B5780 /* memory.c */ = {isa = PBXFileReference; fileEncoding = 4; lastKnownFileType = sourcecode.c.c; name = memory.c; path = ../gen/chap17_virtual/memory.c; sourceTree = "<group>"; };
		296D55091D4A4B0F006B5780 /* memory.h */ = {isa = PBXFileReference; fileEncoding = 4; lastKnownFileType = sourcecode.c.h; name = memory.h; path = ../gen/chap17_virtual/memory.h; sourceTree = "<group>"; };
		296D550A1D4A4B0F006B5780 /* value.h */ = {isa = PBXFileReference; fileEncoding = 4; lastKnownFileType = sourcecode.c.h; name = value.h; path = ../gen/chap17_virtual/value.h; sourceTree = "<group>"; };
		296D550B1D4A4B0F006B5780 /* chunk.h */ = {isa = PBXFileReference; fileEncoding = 4; lastKnownFileType = sourcecode.c.h; name = chunk.h; path = ../gen/chap17_virtual/chunk.h; sourceTree = "<group>"; };
		296D550C1D4A4B0F006B5780 /* vm.c */ = {isa = PBXFileReference; fileEncoding = 4; lastKnownFileType = sourcecode.c.c; name = vm.c; path = ../gen/chap17_virtual/vm.c; sourceTree = "<group>"; };
		296D550D1D4A4B0F006B5780 /* vm.h */ = {isa = PBXFileReference; fileEncoding = 4; lastKnownFileType = sourcecode.c.h; name = vm.h; path = ../gen/chap17_virtual/vm.h; sourceTree = "<group>"; };
		297EA2551D48F9220078AAC1 /* chap16_chunks */ = {isa = PBXFileReference; explicitFileType = "compiled.mach-o.executable"; includeInIndex = 0; path = chap16_chunks; sourceTree = BUILT_PRODUCTS_DIR; };
		297EA25C1D48F96D0078AAC1 /* chunk.c */ = {isa = PBXFileReference; fileEncoding = 4; lastKnownFileType = sourcecode.c.c; name = chunk.c; path = ../gen/chap16_chunks/chunk.c; sourceTree = "<group>"; };
		297EA25D1D48F96D0078AAC1 /* chunk.h */ = {isa = PBXFileReference; fileEncoding = 4; lastKnownFileType = sourcecode.c.h; name = chunk.h; path = ../gen/chap16_chunks/chunk.h; sourceTree = "<group>"; };
		297EA25F1D48FA280078AAC1 /* common.h */ = {isa = PBXFileReference; fileEncoding = 4; lastKnownFileType = sourcecode.c.h; name = common.h; path = ../gen/chap16_chunks/common.h; sourceTree = "<group>"; };
		297EA2601D48FDB00078AAC1 /* value.h */ = {isa = PBXFileReference; fileEncoding = 4; lastKnownFileType = sourcecode.c.h; name = value.h; path = ../gen/chap16_chunks/value.h; sourceTree = "<group>"; };
		297EA2611D48FEC80078AAC1 /* memory.c */ = {isa = PBXFileReference; fileEncoding = 4; lastKnownFileType = sourcecode.c.c; name = memory.c; path = ../gen/chap16_chunks/memory.c; sourceTree = "<group>"; };
		297EA2621D48FEC80078AAC1 /* memory.h */ = {isa = PBXFileReference; fileEncoding = 4; lastKnownFileType = sourcecode.c.h; name = memory.h; path = ../gen/chap16_chunks/memory.h; sourceTree = "<group>"; };
		297EA2631D48FEC80078AAC1 /* value.c */ = {isa = PBXFileReference; fileEncoding = 4; lastKnownFileType = sourcecode.c.c; name = value.c; path = ../gen/chap16_chunks/value.c; sourceTree = "<group>"; };
		297EA2661D48FF3C0078AAC1 /* main.c */ = {isa = PBXFileReference; fileEncoding = 4; lastKnownFileType = sourcecode.c.c; name = main.c; path = ../gen/chap16_chunks/main.c; sourceTree = "<group>"; };
		297EA2681D49002B0078AAC1 /* debug.c */ = {isa = PBXFileReference; fileEncoding = 4; lastKnownFileType = sourcecode.c.c; name = debug.c; path = ../gen/chap16_chunks/debug.c; sourceTree = "<group>"; };
		297EA2691D49002B0078AAC1 /* debug.h */ = {isa = PBXFileReference; fileEncoding = 4; lastKnownFileType = sourcecode.c.h; name = debug.h; path = ../gen/chap16_chunks/debug.h; sourceTree = "<group>"; };
		29815E341C5DCBF7004A67D8 /* cvox */ = {isa = PBXFileReference; explicitFileType = "compiled.mach-o.executable"; includeInIndex = 0; path = cvox; sourceTree = BUILT_PRODUCTS_DIR; };
		29815E3E1C5DCC3A004A67D8 /* main.c */ = {isa = PBXFileReference; fileEncoding = 4; lastKnownFileType = sourcecode.c.c; path = main.c; sourceTree = "<group>"; };
		29815E401C5DCCAC004A67D8 /* scanner.h */ = {isa = PBXFileReference; lastKnownFileType = sourcecode.c.h; path = scanner.h; sourceTree = "<group>"; };
		2984DBA01C83FD540075BAC3 /* object.c */ = {isa = PBXFileReference; fileEncoding = 4; lastKnownFileType = sourcecode.c.c; path = object.c; sourceTree = "<group>"; };
		2984DBA11C83FD540075BAC3 /* object.h */ = {isa = PBXFileReference; fileEncoding = 4; lastKnownFileType = sourcecode.c.h; path = object.h; sourceTree = "<group>"; };
		2987272D1D4B9765008C4870 /* chunk.c */ = {isa = PBXFileReference; fileEncoding = 4; lastKnownFileType = sourcecode.c.c; name = chunk.c; path = ../gen/chap18_scanning/chunk.c; sourceTree = "<group>"; };
		2987272E1D4B9765008C4870 /* chunk.h */ = {isa = PBXFileReference; fileEncoding = 4; lastKnownFileType = sourcecode.c.h; name = chunk.h; path = ../gen/chap18_scanning/chunk.h; sourceTree = "<group>"; };
		2987272F1D4B9765008C4870 /* common.h */ = {isa = PBXFileReference; fileEncoding = 4; lastKnownFileType = sourcecode.c.h; name = common.h; path = ../gen/chap18_scanning/common.h; sourceTree = "<group>"; };
		298727301D4B9765008C4870 /* debug.c */ = {isa = PBXFileReference; fileEncoding = 4; lastKnownFileType = sourcecode.c.c; name = debug.c; path = ../gen/chap18_scanning/debug.c; sourceTree = "<group>"; };
		298727311D4B9765008C4870 /* debug.h */ = {isa = PBXFileReference; fileEncoding = 4; lastKnownFileType = sourcecode.c.h; name = debug.h; path = ../gen/chap18_scanning/debug.h; sourceTree = "<group>"; };
		298727321D4B9765008C4870 /* main.c */ = {isa = PBXFileReference; fileEncoding = 4; lastKnownFileType = sourcecode.c.c; name = main.c; path = ../gen/chap18_scanning/main.c; sourceTree = "<group>"; };
		298727331D4B9765008C4870 /* memory.c */ = {isa = PBXFileReference; fileEncoding = 4; lastKnownFileType = sourcecode.c.c; name = memory.c; path = ../gen/chap18_scanning/memory.c; sourceTree = "<group>"; };
		298727341D4B9765008C4870 /* memory.h */ = {isa = PBXFileReference; fileEncoding = 4; lastKnownFileType = sourcecode.c.h; name = memory.h; path = ../gen/chap18_scanning/memory.h; sourceTree = "<group>"; };
		298727351D4B9765008C4870 /* scanner.c */ = {isa = PBXFileReference; fileEncoding = 4; lastKnownFileType = sourcecode.c.c; name = scanner.c; path = ../gen/chap18_scanning/scanner.c; sourceTree = "<group>"; };
		298727361D4B9765008C4870 /* scanner.h */ = {isa = PBXFileReference; fileEncoding = 4; lastKnownFileType = sourcecode.c.h; name = scanner.h; path = ../gen/chap18_scanning/scanner.h; sourceTree = "<group>"; };
		298727371D4B9765008C4870 /* value.c */ = {isa = PBXFileReference; fileEncoding = 4; lastKnownFileType = sourcecode.c.c; name = value.c; path = ../gen/chap18_scanning/value.c; sourceTree = "<group>"; };
		298727381D4B9765008C4870 /* value.h */ = {isa = PBXFileReference; fileEncoding = 4; lastKnownFileType = sourcecode.c.h; name = value.h; path = ../gen/chap18_scanning/value.h; sourceTree = "<group>"; };
		298727391D4B9765008C4870 /* vm.c */ = {isa = PBXFileReference; fileEncoding = 4; lastKnownFileType = sourcecode.c.c; name = vm.c; path = ../gen/chap18_scanning/vm.c; sourceTree = "<group>"; };
		2987273A1D4B9765008C4870 /* vm.h */ = {isa = PBXFileReference; fileEncoding = 4; lastKnownFileType = sourcecode.c.h; name = vm.h; path = ../gen/chap18_scanning/vm.h; sourceTree = "<group>"; };
		298727421D4B9B10008C4870 /* compiler.c */ = {isa = PBXFileReference; fileEncoding = 4; lastKnownFileType = sourcecode.c.c; name = compiler.c; path = ../gen/chap18_scanning/compiler.c; sourceTree = "<group>"; };
		298727431D4B9B10008C4870 /* compiler.h */ = {isa = PBXFileReference; fileEncoding = 4; lastKnownFileType = sourcecode.c.h; name = compiler.h; path = ../gen/chap18_scanning/compiler.h; sourceTree = "<group>"; };
		29BF88421D4497FD00ACBB18 /* chap17_virtual */ = {isa = PBXFileReference; explicitFileType = "compiled.mach-o.executable"; includeInIndex = 0; path = chap17_virtual; sourceTree = BUILT_PRODUCTS_DIR; };
		29C6CA6F1C85EBE6009617A9 /* debug.c */ = {isa = PBXFileReference; fileEncoding = 4; lastKnownFileType = sourcecode.c.c; path = debug.c; sourceTree = "<group>"; };
		29C6CA701C85EBE6009617A9 /* debug.h */ = {isa = PBXFileReference; fileEncoding = 4; lastKnownFileType = sourcecode.c.h; path = debug.h; sourceTree = "<group>"; };
		29CD6FAE1CB6A3430005D92B /* table.c */ = {isa = PBXFileReference; fileEncoding = 4; lastKnownFileType = sourcecode.c.c; path = table.c; sourceTree = "<group>"; };
		29CD6FAF1CB6A3430005D92B /* table.h */ = {isa = PBXFileReference; fileEncoding = 4; lastKnownFileType = sourcecode.c.h; path = table.h; sourceTree = "<group>"; };
/* End PBXFileReference section */

/* Begin PBXFrameworksBuildPhase section */
		2953F1181D471AE1000D72E8 /* Frameworks */ = {
			isa = PBXFrameworksBuildPhase;
			buildActionMask = 2147483647;
			files = (
			);
			runOnlyForDeploymentPostprocessing = 0;
		};
		297EA2521D48F9220078AAC1 /* Frameworks */ = {
			isa = PBXFrameworksBuildPhase;
			buildActionMask = 2147483647;
			files = (
			);
			runOnlyForDeploymentPostprocessing = 0;
		};
		29815E311C5DCBF7004A67D8 /* Frameworks */ = {
			isa = PBXFrameworksBuildPhase;
			buildActionMask = 2147483647;
			files = (
			);
			runOnlyForDeploymentPostprocessing = 0;
		};
		29BF883F1D4497FD00ACBB18 /* Frameworks */ = {
			isa = PBXFrameworksBuildPhase;
			buildActionMask = 2147483647;
			files = (
			);
			runOnlyForDeploymentPostprocessing = 0;
		};
/* End PBXFrameworksBuildPhase section */

/* Begin PBXGroup section */
		2953F1161D471AC6000D72E8 /* chap18_scanning */ = {
			isa = PBXGroup;
			children = (
				2987272E1D4B9765008C4870 /* chunk.h */,
				2987272D1D4B9765008C4870 /* chunk.c */,
				2987272F1D4B9765008C4870 /* common.h */,
				298727431D4B9B10008C4870 /* compiler.h */,
				298727421D4B9B10008C4870 /* compiler.c */,
				298727311D4B9765008C4870 /* debug.h */,
				298727301D4B9765008C4870 /* debug.c */,
				298727321D4B9765008C4870 /* main.c */,
				298727341D4B9765008C4870 /* memory.h */,
				298727331D4B9765008C4870 /* memory.c */,
				298727361D4B9765008C4870 /* scanner.h */,
				298727351D4B9765008C4870 /* scanner.c */,
				298727381D4B9765008C4870 /* value.h */,
				298727371D4B9765008C4870 /* value.c */,
				2987273A1D4B9765008C4870 /* vm.h */,
				298727391D4B9765008C4870 /* vm.c */,
			);
			name = chap18_scanning;
			sourceTree = "<group>";
		};
		297EA2501D48F8FB0078AAC1 /* chap16_chunks */ = {
			isa = PBXGroup;
			children = (
				297EA25F1D48FA280078AAC1 /* common.h */,
				297EA25D1D48F96D0078AAC1 /* chunk.h */,
				297EA25C1D48F96D0078AAC1 /* chunk.c */,
				297EA2691D49002B0078AAC1 /* debug.h */,
				297EA2681D49002B0078AAC1 /* debug.c */,
				297EA2661D48FF3C0078AAC1 /* main.c */,
				297EA2621D48FEC80078AAC1 /* memory.h */,
				297EA2611D48FEC80078AAC1 /* memory.c */,
				297EA2601D48FDB00078AAC1 /* value.h */,
				297EA2631D48FEC80078AAC1 /* value.c */,
			);
			name = chap16_chunks;
			sourceTree = "<group>";
		};
		29815E2B1C5DCBF7004A67D8 = {
			isa = PBXGroup;
			children = (
				293173A41D03628E0028CBCC /* chunk.h */,
				293173A31D03628E0028CBCC /* chunk.c */,
				2905EA1C1CAC1DFB00E258E5 /* common.h */,
				294077111C8369BC0067320B /* compiler.h */,
				294077101C8369BC0067320B /* compiler.c */,
				29C6CA701C85EBE6009617A9 /* debug.h */,
				29C6CA6F1C85EBE6009617A9 /* debug.c */,
				29815E3E1C5DCC3A004A67D8 /* main.c */,
				2905EA1A1CAC1C3900E258E5 /* memory.h */,
				2905EA191CAC1C3900E258E5 /* memory.c */,
				2984DBA11C83FD540075BAC3 /* object.h */,
				2984DBA01C83FD540075BAC3 /* object.c */,
				29815E401C5DCCAC004A67D8 /* scanner.h */,
				296041FE1C5DCCD0007310F9 /* scanner.c */,
				29CD6FAF1CB6A3430005D92B /* table.h */,
				29CD6FAE1CB6A3430005D92B /* table.c */,
				293173A71D0378530028CBCC /* value.h */,
				293173A61D0378530028CBCC /* value.c */,
				2940770E1C8368CF0067320B /* vm.h */,
				2940770D1C8368CF0067320B /* vm.c */,
				297EA2501D48F8FB0078AAC1 /* chap16_chunks */,
				29BF88491D44984600ACBB18 /* chap17_virtual */,
				2953F1161D471AC6000D72E8 /* chap18_scanning */,
				29815E351C5DCBF7004A67D8 /* Products */,
			);
			sourceTree = "<group>";
		};
		29815E351C5DCBF7004A67D8 /* Products */ = {
			isa = PBXGroup;
			children = (
				29815E341C5DCBF7004A67D8 /* cvox */,
				29BF88421D4497FD00ACBB18 /* chap17_virtual */,
				2953F11B1D471AE1000D72E8 /* chap18_scanning */,
				297EA2551D48F9220078AAC1 /* chap16_chunks */,
			);
			name = Products;
			sourceTree = "<group>";
		};
		29BF88491D44984600ACBB18 /* chap17_virtual */ = {
			isa = PBXGroup;
			children = (
				296D550B1D4A4B0F006B5780 /* chunk.h */,
				296D55021D4A4B0F006B5780 /* chunk.c */,
				296D55071D4A4B0F006B5780 /* common.h */,
				296D55031D4A4B0F006B5780 /* debug.h */,
				296D55041D4A4B0F006B5780 /* debug.c */,
				296D55051D4A4B0F006B5780 /* main.c */,
				296D55091D4A4B0F006B5780 /* memory.h */,
				296D55081D4A4B0F006B5780 /* memory.c */,
				296D550A1D4A4B0F006B5780 /* value.h */,
				296D55061D4A4B0F006B5780 /* value.c */,
				296D550D1D4A4B0F006B5780 /* vm.h */,
				296D550C1D4A4B0F006B5780 /* vm.c */,
			);
			name = chap17_virtual;
			sourceTree = "<group>";
		};
/* End PBXGroup section */

/* Begin PBXNativeTarget section */
		2953F11A1D471AE1000D72E8 /* chap18_scanning */ = {
			isa = PBXNativeTarget;
			buildConfigurationList = 2953F11F1D471AE1000D72E8 /* Build configuration list for PBXNativeTarget "chap18_scanning" */;
			buildPhases = (
				2953F1171D471AE1000D72E8 /* Sources */,
				2953F1181D471AE1000D72E8 /* Frameworks */,
				2953F1191D471AE1000D72E8 /* CopyFiles */,
			);
			buildRules = (
			);
			dependencies = (
			);
			name = chap18_scanning;
			productName = chap17_scanning;
			productReference = 2953F11B1D471AE1000D72E8 /* chap18_scanning */;
			productType = "com.apple.product-type.tool";
		};
		297EA2541D48F9220078AAC1 /* chap16_chunks */ = {
			isa = PBXNativeTarget;
			buildConfigurationList = 297EA2591D48F9220078AAC1 /* Build configuration list for PBXNativeTarget "chap16_chunks" */;
			buildPhases = (
				297EA2511D48F9220078AAC1 /* Sources */,
				297EA2521D48F9220078AAC1 /* Frameworks */,
				297EA2531D48F9220078AAC1 /* CopyFiles */,
			);
			buildRules = (
			);
			dependencies = (
			);
			name = chap16_chunks;
			productName = chap16_chunks;
			productReference = 297EA2551D48F9220078AAC1 /* chap16_chunks */;
			productType = "com.apple.product-type.tool";
		};
		29815E331C5DCBF7004A67D8 /* cvox */ = {
			isa = PBXNativeTarget;
			buildConfigurationList = 29815E3B1C5DCBF7004A67D8 /* Build configuration list for PBXNativeTarget "cvox" */;
			buildPhases = (
				29815E301C5DCBF7004A67D8 /* Sources */,
				29815E311C5DCBF7004A67D8 /* Frameworks */,
				29815E321C5DCBF7004A67D8 /* CopyFiles */,
			);
			buildRules = (
			);
			dependencies = (
			);
			name = cvox;
			productName = cvox;
			productReference = 29815E341C5DCBF7004A67D8 /* cvox */;
			productType = "com.apple.product-type.tool";
		};
		29BF88411D4497FD00ACBB18 /* chap17_virtual */ = {
			isa = PBXNativeTarget;
			buildConfigurationList = 29BF88481D4497FD00ACBB18 /* Build configuration list for PBXNativeTarget "chap17_virtual" */;
			buildPhases = (
				29BF883E1D4497FD00ACBB18 /* Sources */,
				29BF883F1D4497FD00ACBB18 /* Frameworks */,
				29BF88401D4497FD00ACBB18 /* CopyFiles */,
			);
			buildRules = (
			);
			dependencies = (
			);
			name = chap17_virtual;
			productName = chap16_framework;
			productReference = 29BF88421D4497FD00ACBB18 /* chap17_virtual */;
			productType = "com.apple.product-type.tool";
		};
/* End PBXNativeTarget section */

/* Begin PBXProject section */
		29815E2C1C5DCBF7004A67D8 /* Project object */ = {
			isa = PBXProject;
			attributes = {
				LastUpgradeCheck = 0640;
				ORGANIZATIONNAME = "Robert Nystrom";
				TargetAttributes = {
					2953F11A1D471AE1000D72E8 = {
						CreatedOnToolsVersion = 6.4;
					};
					297EA2541D48F9220078AAC1 = {
						CreatedOnToolsVersion = 6.4;
					};
					29815E331C5DCBF7004A67D8 = {
						CreatedOnToolsVersion = 6.4;
					};
					29BF88411D4497FD00ACBB18 = {
						CreatedOnToolsVersion = 6.4;
					};
				};
			};
			buildConfigurationList = 29815E2F1C5DCBF7004A67D8 /* Build configuration list for PBXProject "cvox" */;
			compatibilityVersion = "Xcode 3.2";
			developmentRegion = English;
			hasScannedForEncodings = 0;
			knownRegions = (
				en,
			);
			mainGroup = 29815E2B1C5DCBF7004A67D8;
			productRefGroup = 29815E351C5DCBF7004A67D8 /* Products */;
			projectDirPath = "";
			projectRoot = "";
			targets = (
				29815E331C5DCBF7004A67D8 /* cvox */,
				297EA2541D48F9220078AAC1 /* chap16_chunks */,
				29BF88411D4497FD00ACBB18 /* chap17_virtual */,
				2953F11A1D471AE1000D72E8 /* chap18_scanning */,
			);
		};
/* End PBXProject section */

/* Begin PBXSourcesBuildPhase section */
		2953F1171D471AE1000D72E8 /* Sources */ = {
			isa = PBXSourcesBuildPhase;
			buildActionMask = 2147483647;
			files = (
				2987273B1D4B9765008C4870 /* chunk.c in Sources */,
				2987273C1D4B9765008C4870 /* debug.c in Sources */,
				2987273F1D4B9765008C4870 /* scanner.c in Sources */,
				298727401D4B9765008C4870 /* value.c in Sources */,
				2987273E1D4B9765008C4870 /* memory.c in Sources */,
				2987273D1D4B9765008C4870 /* main.c in Sources */,
				298727441D4B9B10008C4870 /* compiler.c in Sources */,
				298727411D4B9765008C4870 /* vm.c in Sources */,
			);
			runOnlyForDeploymentPostprocessing = 0;
		};
		297EA2511D48F9220078AAC1 /* Sources */ = {
			isa = PBXSourcesBuildPhase;
			buildActionMask = 2147483647;
			files = (
				297EA2671D48FF3C0078AAC1 /* main.c in Sources */,
				297EA26A1D49002B0078AAC1 /* debug.c in Sources */,
				297EA2651D48FEC80078AAC1 /* value.c in Sources */,
				297EA2641D48FEC80078AAC1 /* memory.c in Sources */,
				297EA25E1D48F96D0078AAC1 /* chunk.c in Sources */,
			);
			runOnlyForDeploymentPostprocessing = 0;
		};
		29815E301C5DCBF7004A67D8 /* Sources */ = {
			isa = PBXSourcesBuildPhase;
			buildActionMask = 2147483647;
			files = (
				293173A51D03628E0028CBCC /* chunk.c in Sources */,
				29CD6FB01CB6A3430005D92B /* table.c in Sources */,
				2905EA1B1CAC1C3900E258E5 /* memory.c in Sources */,
				2984DBA21C83FD540075BAC3 /* object.c in Sources */,
				296041FF1C5DCCD0007310F9 /* scanner.c in Sources */,
				293173A81D0378530028CBCC /* value.c in Sources */,
				2940770F1C8368CF0067320B /* vm.c in Sources */,
				29C6CA711C85EBE6009617A9 /* debug.c in Sources */,
				294077121C8369BC0067320B /* compiler.c in Sources */,
				29815E3F1C5DCC3A004A67D8 /* main.c in Sources */,
			);
			runOnlyForDeploymentPostprocessing = 0;
		};
		29BF883E1D4497FD00ACBB18 /* Sources */ = {
			isa = PBXSourcesBuildPhase;
			buildActionMask = 2147483647;
			files = (
				296D550E1D4A4B0F006B5780 /* chunk.c in Sources */,
				296D55111D4A4B0F006B5780 /* value.c in Sources */,
				296D55121D4A4B0F006B5780 /* memory.c in Sources */,
				296D550F1D4A4B0F006B5780 /* debug.c in Sources */,
				296D55131D4A4B0F006B5780 /* vm.c in Sources */,
				296D55101D4A4B0F006B5780 /* main.c in Sources */,
			);
			runOnlyForDeploymentPostprocessing = 0;
		};
/* End PBXSourcesBuildPhase section */

/* Begin XCBuildConfiguration section */
		2953F1201D471AE1000D72E8 /* Debug */ = {
			isa = XCBuildConfiguration;
			buildSettings = {
				GCC_PREPROCESSOR_DEFINITIONS = (
					"DEBUG=1",
					"$(inherited)",
				);
				PRODUCT_NAME = "$(TARGET_NAME)";
			};
			name = Debug;
		};
		2953F1211D471AE1000D72E8 /* Release */ = {
			isa = XCBuildConfiguration;
			buildSettings = {
				PRODUCT_NAME = "$(TARGET_NAME)";
			};
			name = Release;
		};
		297EA25A1D48F9220078AAC1 /* Debug */ = {
			isa = XCBuildConfiguration;
			buildSettings = {
				GCC_PREPROCESSOR_DEFINITIONS = (
					"DEBUG=1",
					"$(inherited)",
				);
				PRODUCT_NAME = "$(TARGET_NAME)";
			};
			name = Debug;
		};
		297EA25B1D48F9220078AAC1 /* Release */ = {
			isa = XCBuildConfiguration;
			buildSettings = {
				PRODUCT_NAME = "$(TARGET_NAME)";
			};
			name = Release;
		};
		29815E391C5DCBF7004A67D8 /* Debug */ = {
			isa = XCBuildConfiguration;
			buildSettings = {
				ALWAYS_SEARCH_USER_PATHS = NO;
				CLANG_CXX_LANGUAGE_STANDARD = "gnu++0x";
				CLANG_CXX_LIBRARY = "libc++";
				CLANG_ENABLE_MODULES = YES;
				CLANG_ENABLE_OBJC_ARC = YES;
				CLANG_WARN_BOOL_CONVERSION = YES;
				CLANG_WARN_CONSTANT_CONVERSION = YES;
				CLANG_WARN_DIRECT_OBJC_ISA_USAGE = YES_ERROR;
				CLANG_WARN_EMPTY_BODY = YES;
				CLANG_WARN_ENUM_CONVERSION = YES;
				CLANG_WARN_INT_CONVERSION = YES;
				CLANG_WARN_OBJC_ROOT_CLASS = YES_ERROR;
				CLANG_WARN_UNREACHABLE_CODE = YES;
				CLANG_WARN__DUPLICATE_METHOD_MATCH = YES;
				COPY_PHASE_STRIP = NO;
				DEBUG_INFORMATION_FORMAT = dwarf;
				ENABLE_STRICT_OBJC_MSGSEND = YES;
				GCC_C_LANGUAGE_STANDARD = gnu99;
				GCC_DYNAMIC_NO_PIC = NO;
				GCC_NO_COMMON_BLOCKS = YES;
				GCC_OPTIMIZATION_LEVEL = 0;
				GCC_PREPROCESSOR_DEFINITIONS = (
					"DEBUG=1",
					"$(inherited)",
				);
				GCC_SYMBOLS_PRIVATE_EXTERN = NO;
				GCC_WARN_64_TO_32_BIT_CONVERSION = YES;
				GCC_WARN_ABOUT_RETURN_TYPE = YES_ERROR;
				GCC_WARN_UNDECLARED_SELECTOR = YES;
				GCC_WARN_UNINITIALIZED_AUTOS = YES_AGGRESSIVE;
				GCC_WARN_UNUSED_FUNCTION = YES;
				GCC_WARN_UNUSED_VARIABLE = YES;
				MACOSX_DEPLOYMENT_TARGET = 10.11;
				MTL_ENABLE_DEBUG_INFO = YES;
				ONLY_ACTIVE_ARCH = YES;
				SDKROOT = macosx;
			};
			name = Debug;
		};
		29815E3A1C5DCBF7004A67D8 /* Release */ = {
			isa = XCBuildConfiguration;
			buildSettings = {
				ALWAYS_SEARCH_USER_PATHS = NO;
				CLANG_CXX_LANGUAGE_STANDARD = "gnu++0x";
				CLANG_CXX_LIBRARY = "libc++";
				CLANG_ENABLE_MODULES = YES;
				CLANG_ENABLE_OBJC_ARC = YES;
				CLANG_WARN_BOOL_CONVERSION = YES;
				CLANG_WARN_CONSTANT_CONVERSION = YES;
				CLANG_WARN_DIRECT_OBJC_ISA_USAGE = YES_ERROR;
				CLANG_WARN_EMPTY_BODY = YES;
				CLANG_WARN_ENUM_CONVERSION = YES;
				CLANG_WARN_INT_CONVERSION = YES;
				CLANG_WARN_OBJC_ROOT_CLASS = YES_ERROR;
				CLANG_WARN_UNREACHABLE_CODE = YES;
				CLANG_WARN__DUPLICATE_METHOD_MATCH = YES;
				COPY_PHASE_STRIP = NO;
				DEBUG_INFORMATION_FORMAT = "dwarf-with-dsym";
				ENABLE_NS_ASSERTIONS = NO;
				ENABLE_STRICT_OBJC_MSGSEND = YES;
				GCC_C_LANGUAGE_STANDARD = gnu99;
				GCC_NO_COMMON_BLOCKS = YES;
				GCC_WARN_64_TO_32_BIT_CONVERSION = YES;
				GCC_WARN_ABOUT_RETURN_TYPE = YES_ERROR;
				GCC_WARN_UNDECLARED_SELECTOR = YES;
				GCC_WARN_UNINITIALIZED_AUTOS = YES_AGGRESSIVE;
				GCC_WARN_UNUSED_FUNCTION = YES;
				GCC_WARN_UNUSED_VARIABLE = YES;
				MACOSX_DEPLOYMENT_TARGET = 10.11;
				MTL_ENABLE_DEBUG_INFO = NO;
				SDKROOT = macosx;
			};
			name = Release;
		};
		29815E3C1C5DCBF7004A67D8 /* Debug */ = {
			isa = XCBuildConfiguration;
			buildSettings = {
				CLANG_WARN_SUSPICIOUS_IMPLICIT_CONVERSION = YES;
				GCC_C_LANGUAGE_STANDARD = c99;
				GCC_TREAT_IMPLICIT_FUNCTION_DECLARATIONS_AS_ERRORS = YES;
				GCC_TREAT_INCOMPATIBLE_POINTER_TYPE_WARNINGS_AS_ERRORS = YES;
				GCC_TREAT_WARNINGS_AS_ERRORS = YES;
				GCC_WARN_ABOUT_MISSING_FIELD_INITIALIZERS = YES;
				GCC_WARN_PEDANTIC = YES;
				GCC_WARN_SHADOW = YES;
				MACOSX_DEPLOYMENT_TARGET = "";
				PRODUCT_NAME = "$(TARGET_NAME)";
			};
			name = Debug;
		};
		29815E3D1C5DCBF7004A67D8 /* Release */ = {
			isa = XCBuildConfiguration;
			buildSettings = {
				CLANG_WARN_SUSPICIOUS_IMPLICIT_CONVERSION = YES;
				GCC_C_LANGUAGE_STANDARD = c99;
				GCC_TREAT_IMPLICIT_FUNCTION_DECLARATIONS_AS_ERRORS = YES;
				GCC_TREAT_INCOMPATIBLE_POINTER_TYPE_WARNINGS_AS_ERRORS = YES;
				GCC_TREAT_WARNINGS_AS_ERRORS = YES;
				GCC_WARN_ABOUT_MISSING_FIELD_INITIALIZERS = YES;
				GCC_WARN_PEDANTIC = YES;
				GCC_WARN_SHADOW = YES;
				MACOSX_DEPLOYMENT_TARGET = "";
				PRODUCT_NAME = "$(TARGET_NAME)";
			};
			name = Release;
		};
		29BF88461D4497FD00ACBB18 /* Debug */ = {
			isa = XCBuildConfiguration;
			buildSettings = {
				GCC_PREPROCESSOR_DEFINITIONS = (
					"DEBUG=1",
					"$(inherited)",
				);
				PRODUCT_NAME = "$(TARGET_NAME)";
			};
			name = Debug;
		};
		29BF88471D4497FD00ACBB18 /* Release */ = {
			isa = XCBuildConfiguration;
			buildSettings = {
				PRODUCT_NAME = "$(TARGET_NAME)";
			};
			name = Release;
		};
/* End XCBuildConfiguration section */

/* Begin XCConfigurationList section */
		2953F11F1D471AE1000D72E8 /* Build configuration list for PBXNativeTarget "chap18_scanning" */ = {
			isa = XCConfigurationList;
			buildConfigurations = (
				2953F1201D471AE1000D72E8 /* Debug */,
				2953F1211D471AE1000D72E8 /* Release */,
			);
			defaultConfigurationIsVisible = 0;
			defaultConfigurationName = Release;
		};
		297EA2591D48F9220078AAC1 /* Build configuration list for PBXNativeTarget "chap16_chunks" */ = {
			isa = XCConfigurationList;
			buildConfigurations = (
				297EA25A1D48F9220078AAC1 /* Debug */,
				297EA25B1D48F9220078AAC1 /* Release */,
			);
			defaultConfigurationIsVisible = 0;
			defaultConfigurationName = Release;
		};
		29815E2F1C5DCBF7004A67D8 /* Build configuration list for PBXProject "cvox" */ = {
			isa = XCConfigurationList;
			buildConfigurations = (
				29815E391C5DCBF7004A67D8 /* Debug */,
				29815E3A1C5DCBF7004A67D8 /* Release */,
			);
			defaultConfigurationIsVisible = 0;
			defaultConfigurationName = Release;
		};
		29815E3B1C5DCBF7004A67D8 /* Build configuration list for PBXNativeTarget "cvox" */ = {
			isa = XCConfigurationList;
			buildConfigurations = (
				29815E3C1C5DCBF7004A67D8 /* Debug */,
				29815E3D1C5DCBF7004A67D8 /* Release */,
			);
			defaultConfigurationIsVisible = 0;
			defaultConfigurationName = Release;
		};
		29BF88481D4497FD00ACBB18 /* Build configuration list for PBXNativeTarget "chap17_virtual" */ = {
			isa = XCConfigurationList;
			buildConfigurations = (
				29BF88461D4497FD00ACBB18 /* Debug */,
				29BF88471D4497FD00ACBB18 /* Release */,
			);
			defaultConfigurationIsVisible = 0;
			defaultConfigurationName = Release;
		};
/* End XCConfigurationList section */
	};
	rootObject = 29815E2C1C5DCBF7004A67D8 /* Project object */;
}
